
Microsoft Visual Studio Solution File, Format Version 12.00
# Visual Studio Version 17
VisualStudioVersion = 17.13.35931.197
MinimumVisualStudioVersion = 10.0.40219.1
Project("{FAE04EC0-301F-11D3-BF4B-00C04F79EFBC}") = "Api", "api_deck_manager\Api.csproj", "{CABC2B09-29A0-429D-86D2-14C31A991035}"
EndProject
Project("{FAE04EC0-301F-11D3-BF4B-00C04F79EFBC}") = "Test", "Test\Test.csproj", "{9F69365D-9B00-4E32-919B-860D8D8DE44E}"
EndProject
Global
	GlobalSection(SolutionConfigurationPlatforms) = preSolution
		Debug|Any CPU = Debug|Any CPU
		Release|Any CPU = Release|Any CPU
	EndGlobalSection
	GlobalSection(ProjectConfigurationPlatforms) = postSolution
		{CABC2B09-29A0-429D-86D2-14C31A991035}.Debug|Any CPU.ActiveCfg = Debug|Any CPU
		{CABC2B09-29A0-429D-86D2-14C31A991035}.Debug|Any CPU.Build.0 = Debug|Any CPU
		{CABC2B09-29A0-429D-86D2-14C31A991035}.Release|Any CPU.ActiveCfg = Release|Any CPU
		{CABC2B09-29A0-429D-86D2-14C31A991035}.Release|Any CPU.Build.0 = Release|Any CPU
		{9F69365D-9B00-4E32-919B-860D8D8DE44E}.Debug|Any CPU.ActiveCfg = Debug|Any CPU
		{9F69365D-9B00-4E32-919B-860D8D8DE44E}.Debug|Any CPU.Build.0 = Debug|Any CPU
		{9F69365D-9B00-4E32-919B-860D8D8DE44E}.Release|Any CPU.ActiveCfg = Release|Any CPU
		{9F69365D-9B00-4E32-919B-860D8D8DE44E}.Release|Any CPU.Build.0 = Release|Any CPU
	EndGlobalSection
	GlobalSection(SolutionProperties) = preSolution
		HideSolutionNode = FALSE
	EndGlobalSection
	GlobalSection(ExtensibilityGlobals) = postSolution
		SolutionGuid = {90A00300-4509-4262-9709-EB9A069BCD86}
	EndGlobalSection
EndGlobal
