
Microsoft Visual Studio Solution File, Format Version 12.00
# Visual Studio Version 17
VisualStudioVersion = 17.13.35931.197
MinimumVisualStudioVersion = 10.0.40219.1
Project("{FAE04EC0-301F-11D3-BF4B-00C04F79EFBC}") = "Api", "Api\Api.csproj", "{CABC2B09-29A0-429D-86D2-14C31A991035}"
EndProject
Project("{FAE04EC0-301F-11D3-BF4B-00C04F79EFBC}") = "Test", "Test\Test.csproj", "{9F69365D-9B00-4E32-919B-860D8D8DE44E}"
EndProject
Project("{FAE04EC0-301F-11D3-BF4B-00C04F79EFBC}") = "Aspire.AppHost", "Aspire.AppHost\Aspire.AppHost.csproj", "{1D28264D-B501-45D5-855F-B929A5DC799D}"
EndProject
Project("{FAE04EC0-301F-11D3-BF4B-00C04F79EFBC}") = "Aspire.ServiceDefaults", "Aspire.ServiceDefaults\Aspire.ServiceDefaults.csproj", "{90640AB5-B40F-EB9A-9160-59682C5D022E}"
EndProject
Project("{2150E333-8FDC-42A3-9474-1A3956D46DE8}") = "Orchestrator", "Orchestrator", "{02EA681E-C7D8-13C7-8484-4AC65E1B71E8}"
EndProject
Project("{2150E333-8FDC-42A3-9474-1A3956D46DE8}") = "Backend", "Backend", "{FB785043-FB86-4501-B1FA-AE1D13B8B3C8}"
EndProject
Project("{2150E333-8FDC-42A3-9474-1A3956D46DE8}") = "Frontend", "Frontend", "{D154CD22-DDC0-48BC-A4EC-CDF3C68561E9}"
EndProject
Project("{FAE04EC0-301F-11D3-BF4B-00C04F79EFBC}") = "Website", "Website\Website.csproj", "{C9653371-59B7-887E-EFF1-6C2C04BD8628}"
EndProject
Project("{FAE04EC0-301F-11D3-BF4B-00C04F79EFBC}") = "Model", "Model\Model.csproj", "{B6DA14D5-2DBF-48D1-89D9-54A0593DB951}"
EndProject
Global
	GlobalSection(SolutionConfigurationPlatforms) = preSolution
		Debug|Any CPU = Debug|Any CPU
		Release|Any CPU = Release|Any CPU
	EndGlobalSection
	GlobalSection(ProjectConfigurationPlatforms) = postSolution
		{CABC2B09-29A0-429D-86D2-14C31A991035}.Debug|Any CPU.ActiveCfg = Debug|Any CPU
		{CABC2B09-29A0-429D-86D2-14C31A991035}.Debug|Any CPU.Build.0 = Debug|Any CPU
		{CABC2B09-29A0-429D-86D2-14C31A991035}.Release|Any CPU.ActiveCfg = Release|Any CPU
		{CABC2B09-29A0-429D-86D2-14C31A991035}.Release|Any CPU.Build.0 = Release|Any CPU
		{9F69365D-9B00-4E32-919B-860D8D8DE44E}.Debug|Any CPU.ActiveCfg = Debug|Any CPU
		{9F69365D-9B00-4E32-919B-860D8D8DE44E}.Debug|Any CPU.Build.0 = Debug|Any CPU
		{9F69365D-9B00-4E32-919B-860D8D8DE44E}.Release|Any CPU.ActiveCfg = Release|Any CPU
		{9F69365D-9B00-4E32-919B-860D8D8DE44E}.Release|Any CPU.Build.0 = Release|Any CPU
		{1D28264D-B501-45D5-855F-B929A5DC799D}.Debug|Any CPU.ActiveCfg = Debug|Any CPU
		{1D28264D-B501-45D5-855F-B929A5DC799D}.Debug|Any CPU.Build.0 = Debug|Any CPU
		{1D28264D-B501-45D5-855F-B929A5DC799D}.Release|Any CPU.ActiveCfg = Release|Any CPU
		{1D28264D-B501-45D5-855F-B929A5DC799D}.Release|Any CPU.Build.0 = Release|Any CPU
		{90640AB5-B40F-EB9A-9160-59682C5D022E}.Debug|Any CPU.ActiveCfg = Debug|Any CPU
		{90640AB5-B40F-EB9A-9160-59682C5D022E}.Debug|Any CPU.Build.0 = Debug|Any CPU
		{90640AB5-B40F-EB9A-9160-59682C5D022E}.Release|Any CPU.ActiveCfg = Release|Any CPU
		{90640AB5-B40F-EB9A-9160-59682C5D022E}.Release|Any CPU.Build.0 = Release|Any CPU
		{C9653371-59B7-887E-EFF1-6C2C04BD8628}.Debug|Any CPU.ActiveCfg = Debug|Any CPU
		{C9653371-59B7-887E-EFF1-6C2C04BD8628}.Debug|Any CPU.Build.0 = Debug|Any CPU
		{C9653371-59B7-887E-EFF1-6C2C04BD8628}.Release|Any CPU.ActiveCfg = Release|Any CPU
		{C9653371-59B7-887E-EFF1-6C2C04BD8628}.Release|Any CPU.Build.0 = Release|Any CPU
		{B6DA14D5-2DBF-48D1-89D9-54A0593DB951}.Debug|Any CPU.ActiveCfg = Debug|Any CPU
		{B6DA14D5-2DBF-48D1-89D9-54A0593DB951}.Debug|Any CPU.Build.0 = Debug|Any CPU
		{B6DA14D5-2DBF-48D1-89D9-54A0593DB951}.Release|Any CPU.ActiveCfg = Release|Any CPU
		{B6DA14D5-2DBF-48D1-89D9-54A0593DB951}.Release|Any CPU.Build.0 = Release|Any CPU
	EndGlobalSection
	GlobalSection(SolutionProperties) = preSolution
		HideSolutionNode = FALSE
	EndGlobalSection
	GlobalSection(NestedProjects) = preSolution
		{CABC2B09-29A0-429D-86D2-14C31A991035} = {FB785043-FB86-4501-B1FA-AE1D13B8B3C8}
		{9F69365D-9B00-4E32-919B-860D8D8DE44E} = {FB785043-FB86-4501-B1FA-AE1D13B8B3C8}
		{1D28264D-B501-45D5-855F-B929A5DC799D} = {02EA681E-C7D8-13C7-8484-4AC65E1B71E8}
		{90640AB5-B40F-EB9A-9160-59682C5D022E} = {02EA681E-C7D8-13C7-8484-4AC65E1B71E8}
		{C9653371-59B7-887E-EFF1-6C2C04BD8628} = {D154CD22-DDC0-48BC-A4EC-CDF3C68561E9}
	EndGlobalSection
	GlobalSection(ExtensibilityGlobals) = postSolution
		SolutionGuid = {90A00300-4509-4262-9709-EB9A069BCD86}
	EndGlobalSection
EndGlobal
